
Microsoft Visual Studio Solution File, Format Version 12.00
# Visual Studio Version 16
VisualStudioVersion = 16.0.30128.74
MinimumVisualStudioVersion = 10.0.40219.1
Project("{9A19103F-16F7-4668-BE54-9A1E7A4F7556}") = "Store", "Butik\Store.csproj", "{22D7BC83-F2CD-4ADB-93A4-78E84A13B30F}"
EndProject
Project("{9A19103F-16F7-4668-BE54-9A1E7A4F7556}") = "ShoppingCart", "Kundkorg\ShoppingCart.csproj", "{F97585B9-1622-44F8-8B19-82C417E9B7B5}"
EndProject
Project("{9A19103F-16F7-4668-BE54-9A1E7A4F7556}") = "StoreAssortment", "Butiksortiment\StoreAssortment.csproj", "{75C5E927-F1A0-436B-A9D8-055402A33C62}"
EndProject
Project("{FAE04EC0-301F-11D3-BF4B-00C04F79EFBC}") = "ShoppingCartTests", "ShoppingCartTests\ShoppingCartTests.csproj", "{C4C207BA-DFC0-4B61-BB42-2BDF1D20C7E9}"
EndProject
Global
	GlobalSection(SolutionConfigurationPlatforms) = preSolution
		Debug|Any CPU = Debug|Any CPU
		Release|Any CPU = Release|Any CPU
	EndGlobalSection
	GlobalSection(ProjectConfigurationPlatforms) = postSolution
		{22D7BC83-F2CD-4ADB-93A4-78E84A13B30F}.Debug|Any CPU.ActiveCfg = Debug|Any CPU
		{22D7BC83-F2CD-4ADB-93A4-78E84A13B30F}.Debug|Any CPU.Build.0 = Debug|Any CPU
		{22D7BC83-F2CD-4ADB-93A4-78E84A13B30F}.Release|Any CPU.ActiveCfg = Release|Any CPU
		{22D7BC83-F2CD-4ADB-93A4-78E84A13B30F}.Release|Any CPU.Build.0 = Release|Any CPU
		{F97585B9-1622-44F8-8B19-82C417E9B7B5}.Debug|Any CPU.ActiveCfg = Debug|Any CPU
		{F97585B9-1622-44F8-8B19-82C417E9B7B5}.Debug|Any CPU.Build.0 = Debug|Any CPU
		{F97585B9-1622-44F8-8B19-82C417E9B7B5}.Release|Any CPU.ActiveCfg = Release|Any CPU
		{F97585B9-1622-44F8-8B19-82C417E9B7B5}.Release|Any CPU.Build.0 = Release|Any CPU
		{75C5E927-F1A0-436B-A9D8-055402A33C62}.Debug|Any CPU.ActiveCfg = Debug|Any CPU
		{75C5E927-F1A0-436B-A9D8-055402A33C62}.Debug|Any CPU.Build.0 = Debug|Any CPU
		{75C5E927-F1A0-436B-A9D8-055402A33C62}.Release|Any CPU.ActiveCfg = Release|Any CPU
		{75C5E927-F1A0-436B-A9D8-055402A33C62}.Release|Any CPU.Build.0 = Release|Any CPU
		{C4C207BA-DFC0-4B61-BB42-2BDF1D20C7E9}.Debug|Any CPU.ActiveCfg = Debug|Any CPU
		{C4C207BA-DFC0-4B61-BB42-2BDF1D20C7E9}.Debug|Any CPU.Build.0 = Debug|Any CPU
		{C4C207BA-DFC0-4B61-BB42-2BDF1D20C7E9}.Release|Any CPU.ActiveCfg = Release|Any CPU
		{C4C207BA-DFC0-4B61-BB42-2BDF1D20C7E9}.Release|Any CPU.Build.0 = Release|Any CPU
	EndGlobalSection
	GlobalSection(SolutionProperties) = preSolution
		HideSolutionNode = FALSE
	EndGlobalSection
	GlobalSection(ExtensibilityGlobals) = postSolution
		SolutionGuid = {4A28CF2F-7A71-41A8-AD35-4D2B236069EE}
	EndGlobalSection
EndGlobal
